// !$*UTF8*$!
{
	archiveVersion = 1;
	classes = {
	};
	objectVersion = 46;
	objects = {

/* Begin PBXBuildFile section */
		9638E6E51BC29FDD00085707 /* main.c in Sources */ = {isa = PBXBuildFile; fileRef = 9638E6E41BC29FDD00085707 /* main.c */; };
/* End PBXBuildFile section */

/* Begin PBXCopyFilesBuildPhase section */
		9638E6DF1BC29FDD00085707 /* CopyFiles */ = {
			isa = PBXCopyFilesBuildPhase;
			buildActionMask = 2147483647;
			dstPath = /usr/share/man/man1/;
			dstSubfolderSpec = 0;
			files = (
			);
			runOnlyForDeploymentPostprocessing = 1;
		};
/* End PBXCopyFilesBuildPhase section */

/* Begin PBXFileReference section */
		9638E6E11BC29FDD00085707 /* TP-Plus-Moins */ = {isa = PBXFileReference; explicitFileType = "compiled.mach-o.executable"; includeInIndex = 0; path = "TP-Plus-Moins"; sourceTree = BUILT_PRODUCTS_DIR; };
		9638E6E41BC29FDD00085707 /* main.c */ = {isa = PBXFileReference; lastKnownFileType = sourcecode.c.c; path = main.c; sourceTree = "<group>"; };
/* End PBXFileReference section */

/* Begin PBXFrameworksBuildPhase section */
		9638E6DE1BC29FDD00085707 /* Frameworks */ = {
			isa = PBXFrameworksBuildPhase;
			buildActionMask = 2147483647;
			files = (
			);
			runOnlyForDeploymentPostprocessing = 0;
		};
/* End PBXFrameworksBuildPhase section */

/* Begin PBXGroup section */
		9638E6D81BC29FDD00085707 = {
			isa = PBXGroup;
			children = (
				9638E6E31BC29FDD00085707 /* TP-Plus-Moins */,
				9638E6E21BC29FDD00085707 /* Products */,
			);
			sourceTree = "<group>";
		};
		9638E6E21BC29FDD00085707 /* Products */ = {
			isa = PBXGroup;
			children = (
				9638E6E11BC29FDD00085707 /* TP-Plus-Moins */,
			);
			name = Products;
			sourceTree = "<group>";
		};
		9638E6E31BC29FDD00085707 /* TP-Plus-Moins */ = {
			isa = PBXGroup;
			children = (
				9638E6E41BC29FDD00085707 /* main.c */,
			);
			path = "TP-Plus-Moins";
			sourceTree = "<group>";
		};
/* End PBXGroup section */

/* Begin PBXNativeTarget section */
		9638E6E01BC29FDD00085707 /* TP-Plus-Moins */ = {
			isa = PBXNativeTarget;
			buildConfigurationList = 9638E6E81BC29FDD00085707 /* Build configuration list for PBXNativeTarget "TP-Plus-Moins" */;
			buildPhases = (
				9638E6DD1BC29FDD00085707 /* Sources */,
				9638E6DE1BC29FDD00085707 /* Frameworks */,
				9638E6DF1BC29FDD00085707 /* CopyFiles */,
			);
			buildRules = (
			);
			dependencies = (
			);
			name = "TP-Plus-Moins";
			productName = "TP-Plus-Moins";
			productReference = 9638E6E11BC29FDD00085707 /* TP-Plus-Moins */;
			productType = "com.apple.product-type.tool";
		};
/* End PBXNativeTarget section */

/* Begin PBXProject section */
		9638E6D91BC29FDD00085707 /* Project object */ = {
			isa = PBXProject;
			attributes = {
				LastUpgradeCheck = 0700;
				ORGANIZATIONNAME = BPACA;
				TargetAttributes = {
					9638E6E01BC29FDD00085707 = {
						CreatedOnToolsVersion = 7.0.1;
					};
				};
			};
			buildConfigurationList = 9638E6DC1BC29FDD00085707 /* Build configuration list for PBXProject "TP-Plus-Moins" */;
			compatibilityVersion = "Xcode 3.2";
			developmentRegion = English;
			hasScannedForEncodings = 0;
			knownRegions = (
				en,
			);
			mainGroup = 9638E6D81BC29FDD00085707;
			productRefGroup = 9638E6E21BC29FDD00085707 /* Products */;
			projectDirPath = "";
			projectRoot = "";
			targets = (
				9638E6E01BC29FDD00085707 /* TP-Plus-Moins */,
			);
		};
/* End PBXProject section */

/* Begin PBXSourcesBuildPhase section */
		9638E6DD1BC29FDD00085707 /* Sources */ = {
			isa = PBXSourcesBuildPhase;
			buildActionMask = 2147483647;
			files = (
				9638E6E51BC29FDD00085707 /* main.c in Sources */,
			);
			runOnlyForDeploymentPostprocessing = 0;
		};
/* End PBXSourcesBuildPhase section */

/* Begin XCBuildConfiguration section */
		9638E6E61BC29FDD00085707 /* Debug */ = {
			isa = XCBuildConfiguration;
			buildSettings = {
				ALWAYS_SEARCH_USER_PATHS = NO;
				CLANG_CXX_LANGUAGE_STANDARD = "gnu++0x";
				CLANG_CXX_LIBRARY = "libc++";
				CLANG_ENABLE_MODULES = YES;
				CLANG_ENABLE_OBJC_ARC = YES;
				CLANG_WARN_BOOL_CONVERSION = YES;
				CLANG_WARN_CONSTANT_CONVERSION = YES;
				CLANG_WARN_DIRECT_OBJC_ISA_USAGE = YES_ERROR;
				CLANG_WARN_EMPTY_BODY = YES;
				CLANG_WARN_ENUM_CONVERSION = YES;
				CLANG_WARN_INT_CONVERSION = YES;
				CLANG_WARN_OBJC_ROOT_CLASS = YES_ERROR;
				CLANG_WARN_UNREACHABLE_CODE = YES;
				CLANG_WARN__DUPLICATE_METHOD_MATCH = YES;
				COPY_PHASE_STRIP = NO;
				DEBUG_INFORMATION_FORMAT = dwarf;
				ENABLE_STRICT_OBJC_MSGSEND = YES;
				ENABLE_TESTABILITY = YES;
				GCC_C_LANGUAGE_STANDARD = gnu99;
				GCC_DYNAMIC_NO_PIC = NO;
				GCC_NO_COMMON_BLOCKS = YES;
				GCC_OPTIMIZATION_LEVEL = 0;
				GCC_PREPROCESSOR_DEFINITIONS = (
					"DEBUG=1",
					"$(inherited)",
				);
				GCC_WARN_64_TO_32_BIT_CONVERSION = YES;
				GCC_WARN_ABOUT_RETURN_TYPE = YES_ERROR;
				GCC_WARN_UNDECLARED_SELECTOR = YES;
				GCC_WARN_UNINITIALIZED_AUTOS = YES_AGGRESSIVE;
				GCC_WARN_UNUSED_FUNCTION = YES;
				GCC_WARN_UNUSED_VARIABLE = YES;
				MACOSX_DEPLOYMENT_TARGET = 10.10;
				MTL_ENABLE_DEBUG_INFO = YES;
				ONLY_ACTIVE_ARCH = YES;
				SDKROOT = macosx;
			};
			name = Debug;
		};
		9638E6E71BC29FDD00085707 /* Release */ = {
			isa = XCBuildConfiguration;
			buildSettings = {
				ALWAYS_SEARCH_USER_PATHS = NO;
				CLANG_CXX_LANGUAGE_STANDARD = "gnu++0x";
				CLANG_CXX_LIBRARY = "libc++";
				CLANG_ENABLE_MODULES = YES;
				CLANG_ENABLE_OBJC_ARC = YES;
				CLANG_WARN_BOOL_CONVERSION = YES;
				CLANG_WARN_CONSTANT_CONVERSION = YES;
				CLANG_WARN_DIRECT_OBJC_ISA_USAGE = YES_ERROR;
				CLANG_WARN_EMPTY_BODY = YES;
				CLANG_WARN_ENUM_CONVERSION = YES;
				CLANG_WARN_INT_CONVERSION = YES;
				CLANG_WARN_OBJC_ROOT_CLASS = YES_ERROR;
				CLANG_WARN_UNREACHABLE_CODE = YES;
				CLANG_WARN__DUPLICATE_METHOD_MATCH = YES;
				COPY_PHASE_STRIP = NO;
				DEBUG_INFORMATION_FORMAT = "dwarf-with-dsym";
				ENABLE_NS_ASSERTIONS = NO;
				ENABLE_STRICT_OBJC_MSGSEND = YES;
				GCC_C_LANGUAGE_STANDARD = gnu99;
				GCC_NO_COMMON_BLOCKS = YES;
				GCC_WARN_64_TO_32_BIT_CONVERSION = YES;
				GCC_WARN_ABOUT_RETURN_TYPE = YES_ERROR;
				GCC_WARN_UNDECLARED_SELECTOR = YES;
				GCC_WARN_UNINITIALIZED_AUTOS = YES_AGGRESSIVE;
				GCC_WARN_UNUSED_FUNCTION = YES;
				GCC_WARN_UNUSED_VARIABLE = YES;
				MACOSX_DEPLOYMENT_TARGET = 10.10;
				MTL_ENABLE_DEBUG_INFO = NO;
				SDKROOT = macosx;
			};
			name = Release;
		};
		9638E6E91BC29FDD00085707 /* Debug */ = {
			isa = XCBuildConfiguration;
			buildSettings = {
				PRODUCT_NAME = "$(TARGET_NAME)";
			};
			name = Debug;
		};
		9638E6EA1BC29FDD00085707 /* Release */ = {
			isa = XCBuildConfiguration;
			buildSettings = {
				PRODUCT_NAME = "$(TARGET_NAME)";
			};
			name = Release;
		};
/* End XCBuildConfiguration section */

/* Begin XCConfigurationList section */
		9638E6DC1BC29FDD00085707 /* Build configuration list for PBXProject "TP-Plus-Moins" */ = {
			isa = XCConfigurationList;
			buildConfigurations = (
				9638E6E61BC29FDD00085707 /* Debug */,
				9638E6E71BC29FDD00085707 /* Release */,
			);
			defaultConfigurationIsVisible = 0;
			defaultConfigurationName = Release;
		};
		9638E6E81BC29FDD00085707 /* Build configuration list for PBXNativeTarget "TP-Plus-Moins" */ = {
			isa = XCConfigurationList;
			buildConfigurations = (
				9638E6E91BC29FDD00085707 /* Debug */,
				9638E6EA1BC29FDD00085707 /* Release */,
			);
			defaultConfigurationIsVisible = 0;
		};
/* End XCConfigurationList section */
	};
	rootObject = 9638E6D91BC29FDD00085707 /* Project object */;
}
