// !$*UTF8*$!
{
	archiveVersion = 1;
	classes = {
	};
	objectVersion = 46;
	objects = {

/* Begin PBXBuildFile section */
		96F7BF431BC80FE900BDF121 /* Assets.xcassets in Resources */ = {isa = PBXBuildFile; fileRef = 96F7BF421BC80FE900BDF121 /* Assets.xcassets */; };
		96F7BF511BC8105900BDF121 /* SDL_image.framework in Frameworks */ = {isa = PBXBuildFile; fileRef = 96F7BF4F1BC8105900BDF121 /* SDL_image.framework */; };
		96F7BF521BC8105900BDF121 /* SDL.framework in Frameworks */ = {isa = PBXBuildFile; fileRef = 96F7BF501BC8105900BDF121 /* SDL.framework */; };
		96F7BF551BC8106500BDF121 /* SDLMain.m in Sources */ = {isa = PBXBuildFile; fileRef = 96F7BF541BC8106500BDF121 /* SDLMain.m */; settings = {ASSET_TAGS = (); }; };
		96F7BF5A1BC814DA00BDF121 /* jeu.c in Sources */ = {isa = PBXBuildFile; fileRef = 96F7BF591BC814DA00BDF121 /* jeu.c */; settings = {ASSET_TAGS = (); }; };
		96F7BF5C1BC814E500BDF121 /* editeur.c in Sources */ = {isa = PBXBuildFile; fileRef = 96F7BF5B1BC814E500BDF121 /* editeur.c */; settings = {ASSET_TAGS = (); }; };
		96F7BF5F1BC8151200BDF121 /* fichiers.c in Sources */ = {isa = PBXBuildFile; fileRef = 96F7BF5D1BC8151200BDF121 /* fichiers.c */; settings = {ASSET_TAGS = (); }; };
/* End PBXBuildFile section */

/* Begin PBXFileReference section */
		96F7BF391BC80FE900BDF121 /* MarioSokoban.app */ = {isa = PBXFileReference; explicitFileType = wrapper.application; includeInIndex = 0; path = MarioSokoban.app; sourceTree = BUILT_PRODUCTS_DIR; };
		96F7BF421BC80FE900BDF121 /* Assets.xcassets */ = {isa = PBXFileReference; lastKnownFileType = folder.assetcatalog; path = Assets.xcassets; sourceTree = "<group>"; };
		96F7BF471BC80FE900BDF121 /* Info.plist */ = {isa = PBXFileReference; lastKnownFileType = text.plist.xml; path = Info.plist; sourceTree = "<group>"; };
		96F7BF4F1BC8105900BDF121 /* SDL_image.framework */ = {isa = PBXFileReference; lastKnownFileType = wrapper.framework; name = SDL_image.framework; path = ../../../../Library/Frameworks/SDL_image.framework; sourceTree = "<group>"; };
		96F7BF501BC8105900BDF121 /* SDL.framework */ = {isa = PBXFileReference; lastKnownFileType = wrapper.framework; name = SDL.framework; path = ../../../../Library/Frameworks/SDL.framework; sourceTree = "<group>"; };
		96F7BF531BC8106100BDF121 /* SDLMain.h */ = {isa = PBXFileReference; fileEncoding = 4; lastKnownFileType = sourcecode.c.h; path = SDLMain.h; sourceTree = "<group>"; };
		96F7BF541BC8106500BDF121 /* SDLMain.m */ = {isa = PBXFileReference; fileEncoding = 4; lastKnownFileType = sourcecode.c.objc; path = SDLMain.m; sourceTree = "<group>"; };
		96F7BF561BC8113100BDF121 /* constantes.h */ = {isa = PBXFileReference; lastKnownFileType = sourcecode.c.h; path = constantes.h; sourceTree = "<group>"; };
		96F7BF571BC8124C00BDF121 /* jeu.h */ = {isa = PBXFileReference; lastKnownFileType = sourcecode.c.h; path = jeu.h; sourceTree = "<group>"; };
		96F7BF581BC813F500BDF121 /* editeur.h */ = {isa = PBXFileReference; lastKnownFileType = sourcecode.c.h; path = editeur.h; sourceTree = "<group>"; };
		96F7BF591BC814DA00BDF121 /* jeu.c */ = {isa = PBXFileReference; fileEncoding = 4; lastKnownFileType = sourcecode.c.c; path = jeu.c; sourceTree = "<group>"; };
		96F7BF5B1BC814E500BDF121 /* editeur.c */ = {isa = PBXFileReference; fileEncoding = 4; lastKnownFileType = sourcecode.c.c; path = editeur.c; sourceTree = "<group>"; };
		96F7BF5D1BC8151200BDF121 /* fichiers.c */ = {isa = PBXFileReference; fileEncoding = 4; lastKnownFileType = sourcecode.c.c; path = fichiers.c; sourceTree = "<group>"; };
		96F7BF5E1BC8151200BDF121 /* fichiers.h */ = {isa = PBXFileReference; fileEncoding = 4; lastKnownFileType = sourcecode.c.h; path = fichiers.h; sourceTree = "<group>"; };
/* End PBXFileReference section */

/* Begin PBXFrameworksBuildPhase section */
		96F7BF361BC80FE900BDF121 /* Frameworks */ = {
			isa = PBXFrameworksBuildPhase;
			buildActionMask = 2147483647;
			files = (
				96F7BF511BC8105900BDF121 /* SDL_image.framework in Frameworks */,
				96F7BF521BC8105900BDF121 /* SDL.framework in Frameworks */,
			);
			runOnlyForDeploymentPostprocessing = 0;
		};
/* End PBXFrameworksBuildPhase section */

/* Begin PBXGroup section */
		96F7BF301BC80FE900BDF121 = {
			isa = PBXGroup;
			children = (
				96F7BF4F1BC8105900BDF121 /* SDL_image.framework */,
				96F7BF501BC8105900BDF121 /* SDL.framework */,
				96F7BF3B1BC80FE900BDF121 /* MarioSokoban */,
				96F7BF3A1BC80FE900BDF121 /* Products */,
			);
			sourceTree = "<group>";
		};
		96F7BF3A1BC80FE900BDF121 /* Products */ = {
			isa = PBXGroup;
			children = (
				96F7BF391BC80FE900BDF121 /* MarioSokoban.app */,
			);
			name = Products;
			sourceTree = "<group>";
		};
		96F7BF3B1BC80FE900BDF121 /* MarioSokoban */ = {
			isa = PBXGroup;
			children = (
				96F7BF531BC8106100BDF121 /* SDLMain.h */,
				96F7BF541BC8106500BDF121 /* SDLMain.m */,
				96F7BF421BC80FE900BDF121 /* Assets.xcassets */,
				96F7BF471BC80FE900BDF121 /* Info.plist */,
				96F7BF561BC8113100BDF121 /* constantes.h */,
				96F7BF571BC8124C00BDF121 /* jeu.h */,
				96F7BF591BC814DA00BDF121 /* jeu.c */,
				96F7BF581BC813F500BDF121 /* editeur.h */,
				96F7BF5B1BC814E500BDF121 /* editeur.c */,
				96F7BF5E1BC8151200BDF121 /* fichiers.h */,
				96F7BF5D1BC8151200BDF121 /* fichiers.c */,
			);
			path = MarioSokoban;
			sourceTree = "<group>";
		};
/* End PBXGroup section */

/* Begin PBXNativeTarget section */
		96F7BF381BC80FE900BDF121 /* MarioSokoban */ = {
			isa = PBXNativeTarget;
			buildConfigurationList = 96F7BF4A1BC80FE900BDF121 /* Build configuration list for PBXNativeTarget "MarioSokoban" */;
			buildPhases = (
				96F7BF351BC80FE900BDF121 /* Sources */,
				96F7BF361BC80FE900BDF121 /* Frameworks */,
				96F7BF371BC80FE900BDF121 /* Resources */,
			);
			buildRules = (
			);
			dependencies = (
			);
			name = MarioSokoban;
			productName = MarioSokoban;
			productReference = 96F7BF391BC80FE900BDF121 /* MarioSokoban.app */;
			productType = "com.apple.product-type.application";
		};
/* End PBXNativeTarget section */

/* Begin PBXProject section */
		96F7BF311BC80FE900BDF121 /* Project object */ = {
			isa = PBXProject;
			attributes = {
				LastUpgradeCheck = 0700;
				ORGANIZATIONNAME = "Baptiste Lanusse";
				TargetAttributes = {
					96F7BF381BC80FE900BDF121 = {
						CreatedOnToolsVersion = 7.0.1;
					};
				};
			};
			buildConfigurationList = 96F7BF341BC80FE900BDF121 /* Build configuration list for PBXProject "MarioSokoban" */;
			compatibilityVersion = "Xcode 3.2";
			developmentRegion = English;
			hasScannedForEncodings = 0;
			knownRegions = (
				en,
				Base,
			);
			mainGroup = 96F7BF301BC80FE900BDF121;
			productRefGroup = 96F7BF3A1BC80FE900BDF121 /* Products */;
			projectDirPath = "";
			projectRoot = "";
			targets = (
				96F7BF381BC80FE900BDF121 /* MarioSokoban */,
			);
		};
/* End PBXProject section */

/* Begin PBXResourcesBuildPhase section */
		96F7BF371BC80FE900BDF121 /* Resources */ = {
			isa = PBXResourcesBuildPhase;
			buildActionMask = 2147483647;
			files = (
				96F7BF431BC80FE900BDF121 /* Assets.xcassets in Resources */,
			);
			runOnlyForDeploymentPostprocessing = 0;
		};
/* End PBXResourcesBuildPhase section */

/* Begin PBXSourcesBuildPhase section */
		96F7BF351BC80FE900BDF121 /* Sources */ = {
			isa = PBXSourcesBuildPhase;
			buildActionMask = 2147483647;
			files = (
				96F7BF5F1BC8151200BDF121 /* fichiers.c in Sources */,
				96F7BF5A1BC814DA00BDF121 /* jeu.c in Sources */,
				96F7BF551BC8106500BDF121 /* SDLMain.m in Sources */,
				96F7BF5C1BC814E500BDF121 /* editeur.c in Sources */,
			);
			runOnlyForDeploymentPostprocessing = 0;
		};
/* End PBXSourcesBuildPhase section */

/* Begin XCBuildConfiguration section */
		96F7BF481BC80FE900BDF121 /* Debug */ = {
			isa = XCBuildConfiguration;
			buildSettings = {
				ALWAYS_SEARCH_USER_PATHS = NO;
				CLANG_CXX_LANGUAGE_STANDARD = "gnu++0x";
				CLANG_CXX_LIBRARY = "libc++";
				CLANG_ENABLE_MODULES = YES;
				CLANG_ENABLE_OBJC_ARC = YES;
				CLANG_WARN_BOOL_CONVERSION = YES;
				CLANG_WARN_CONSTANT_CONVERSION = YES;
				CLANG_WARN_DIRECT_OBJC_ISA_USAGE = YES_ERROR;
				CLANG_WARN_EMPTY_BODY = YES;
				CLANG_WARN_ENUM_CONVERSION = YES;
				CLANG_WARN_INT_CONVERSION = YES;
				CLANG_WARN_OBJC_ROOT_CLASS = YES_ERROR;
				CLANG_WARN_UNREACHABLE_CODE = YES;
				CLANG_WARN__DUPLICATE_METHOD_MATCH = YES;
				CODE_SIGN_IDENTITY = "-";
				COPY_PHASE_STRIP = NO;
				DEBUG_INFORMATION_FORMAT = dwarf;
				ENABLE_STRICT_OBJC_MSGSEND = YES;
				ENABLE_TESTABILITY = YES;
				GCC_C_LANGUAGE_STANDARD = gnu99;
				GCC_DYNAMIC_NO_PIC = NO;
				GCC_NO_COMMON_BLOCKS = YES;
				GCC_OPTIMIZATION_LEVEL = 0;
				GCC_PREPROCESSOR_DEFINITIONS = (
					"DEBUG=1",
					"$(inherited)",
				);
				GCC_WARN_64_TO_32_BIT_CONVERSION = YES;
				GCC_WARN_ABOUT_RETURN_TYPE = YES_ERROR;
				GCC_WARN_UNDECLARED_SELECTOR = YES;
				GCC_WARN_UNINITIALIZED_AUTOS = YES_AGGRESSIVE;
				GCC_WARN_UNUSED_FUNCTION = YES;
				GCC_WARN_UNUSED_VARIABLE = YES;
				MACOSX_DEPLOYMENT_TARGET = 10.10;
				MTL_ENABLE_DEBUG_INFO = YES;
				ONLY_ACTIVE_ARCH = YES;
				SDKROOT = macosx;
			};
			name = Debug;
		};
		96F7BF491BC80FE900BDF121 /* Release */ = {
			isa = XCBuildConfiguration;
			buildSettings = {
				ALWAYS_SEARCH_USER_PATHS = NO;
				CLANG_CXX_LANGUAGE_STANDARD = "gnu++0x";
				CLANG_CXX_LIBRARY = "libc++";
				CLANG_ENABLE_MODULES = YES;
				CLANG_ENABLE_OBJC_ARC = YES;
				CLANG_WARN_BOOL_CONVERSION = YES;
				CLANG_WARN_CONSTANT_CONVERSION = YES;
				CLANG_WARN_DIRECT_OBJC_ISA_USAGE = YES_ERROR;
				CLANG_WARN_EMPTY_BODY = YES;
				CLANG_WARN_ENUM_CONVERSION = YES;
				CLANG_WARN_INT_CONVERSION = YES;
				CLANG_WARN_OBJC_ROOT_CLASS = YES_ERROR;
				CLANG_WARN_UNREACHABLE_CODE = YES;
				CLANG_WARN__DUPLICATE_METHOD_MATCH = YES;
				CODE_SIGN_IDENTITY = "-";
				COPY_PHASE_STRIP = NO;
				DEBUG_INFORMATION_FORMAT = "dwarf-with-dsym";
				ENABLE_NS_ASSERTIONS = NO;
				ENABLE_STRICT_OBJC_MSGSEND = YES;
				GCC_C_LANGUAGE_STANDARD = gnu99;
				GCC_NO_COMMON_BLOCKS = YES;
				GCC_WARN_64_TO_32_BIT_CONVERSION = YES;
				GCC_WARN_ABOUT_RETURN_TYPE = YES_ERROR;
				GCC_WARN_UNDECLARED_SELECTOR = YES;
				GCC_WARN_UNINITIALIZED_AUTOS = YES_AGGRESSIVE;
				GCC_WARN_UNUSED_FUNCTION = YES;
				GCC_WARN_UNUSED_VARIABLE = YES;
				MACOSX_DEPLOYMENT_TARGET = 10.10;
				MTL_ENABLE_DEBUG_INFO = NO;
				SDKROOT = macosx;
			};
			name = Release;
		};
		96F7BF4B1BC80FE900BDF121 /* Debug */ = {
			isa = XCBuildConfiguration;
			buildSettings = {
				ARCHS = "$(ARCHS_STANDARD_64_BIT)";
				ASSETCATALOG_COMPILER_APPICON_NAME = AppIcon;
				COMBINE_HIDPI_IMAGES = YES;
				FRAMEWORK_SEARCH_PATHS = (
					"$(inherited)",
					"$(LOCAL_LIBRARY_DIR)/Frameworks",
				);
				HEADER_SEARCH_PATHS = (
					/Library/Frameworks/SDL_image.framework/Headers,
					/Library/Frameworks/SDL.framework/Headers,
				);
				INFOPLIST_FILE = MarioSokoban/Info.plist;
				LD_RUNPATH_SEARCH_PATHS = "$(inherited) @executable_path/../Frameworks";
				PRODUCT_BUNDLE_IDENTIFIER = fr.test.MarioSokoban;
				PRODUCT_NAME = "$(TARGET_NAME)";
			};
			name = Debug;
		};
		96F7BF4C1BC80FE900BDF121 /* Release */ = {
			isa = XCBuildConfiguration;
			buildSettings = {
				ARCHS = "$(ARCHS_STANDARD_64_BIT)";
				ASSETCATALOG_COMPILER_APPICON_NAME = AppIcon;
				COMBINE_HIDPI_IMAGES = YES;
				FRAMEWORK_SEARCH_PATHS = (
					"$(inherited)",
					"$(LOCAL_LIBRARY_DIR)/Frameworks",
				);
				HEADER_SEARCH_PATHS = (
					/Library/Frameworks/SDL_image.framework/Headers,
					/Library/Frameworks/SDL.framework/Headers,
				);
				INFOPLIST_FILE = MarioSokoban/Info.plist;
				LD_RUNPATH_SEARCH_PATHS = "$(inherited) @executable_path/../Frameworks";
				PRODUCT_BUNDLE_IDENTIFIER = fr.test.MarioSokoban;
				PRODUCT_NAME = "$(TARGET_NAME)";
			};
			name = Release;
		};
/* End XCBuildConfiguration section */

/* Begin XCConfigurationList section */
		96F7BF341BC80FE900BDF121 /* Build configuration list for PBXProject "MarioSokoban" */ = {
			isa = XCConfigurationList;
			buildConfigurations = (
				96F7BF481BC80FE900BDF121 /* Debug */,
				96F7BF491BC80FE900BDF121 /* Release */,
			);
			defaultConfigurationIsVisible = 0;
			defaultConfigurationName = Release;
		};
		96F7BF4A1BC80FE900BDF121 /* Build configuration list for PBXNativeTarget "MarioSokoban" */ = {
			isa = XCConfigurationList;
			buildConfigurations = (
				96F7BF4B1BC80FE900BDF121 /* Debug */,
				96F7BF4C1BC80FE900BDF121 /* Release */,
			);
			defaultConfigurationIsVisible = 0;
		};
/* End XCConfigurationList section */
	};
	rootObject = 96F7BF311BC80FE900BDF121 /* Project object */;
}
